// !$*UTF8*$!
{
	archiveVersion = 1;
	classes = {
	};
	objectVersion = 46;
	objects = {

/* Begin PBXBuildFile section */
		BF0ED232199712550065F633 /* pose_change_bell.aif in Resources */ = {isa = PBXBuildFile; fileRef = BF0ED231199712550065F633 /* pose_change_bell.aif */; };
		BF0ED23419971EBC0065F633 /* finished_sequence.aif in Resources */ = {isa = PBXBuildFile; fileRef = BF0ED23319971EBC0065F633 /* finished_sequence.aif */; };
		BF0ED23619972FD10065F633 /* Utils.swift in Sources */ = {isa = PBXBuildFile; fileRef = BF0ED23519972FD10065F633 /* Utils.swift */; };
		BF3B6B971996252500860779 /* PlaySequenceViewController.swift in Sources */ = {isa = PBXBuildFile; fileRef = BF3B6B961996252500860779 /* PlaySequenceViewController.swift */; };
		BF3B6B9C1996644700860779 /* tickA.aif in Resources */ = {isa = PBXBuildFile; fileRef = BF3B6B9A1996644700860779 /* tickA.aif */; };
		BF3B6B9D1996644700860779 /* tickB.aif in Resources */ = {isa = PBXBuildFile; fileRef = BF3B6B9B1996644700860779 /* tickB.aif */; };
		BF631D04197E8E6300AB6D17 /* BuildSequenceViewController.swift in Sources */ = {isa = PBXBuildFile; fileRef = BF631D03197E8E6300AB6D17 /* BuildSequenceViewController.swift */; };
		BF858D9D197A6083002CEBB0 /* AppDelegate.swift in Sources */ = {isa = PBXBuildFile; fileRef = BF858D9C197A6083002CEBB0 /* AppDelegate.swift */; };
		BF858D9F197A6083002CEBB0 /* MainViewController.swift in Sources */ = {isa = PBXBuildFile; fileRef = BF858D9E197A6083002CEBB0 /* MainViewController.swift */; };
		BF858DA2197A6083002CEBB0 /* Main.storyboard in Resources */ = {isa = PBXBuildFile; fileRef = BF858DA0197A6083002CEBB0 /* Main.storyboard */; };
		BF858DA4197A6083002CEBB0 /* Images.xcassets in Resources */ = {isa = PBXBuildFile; fileRef = BF858DA3197A6083002CEBB0 /* Images.xcassets */; };
		BF858DB0197A6083002CEBB0 /* yogabookTests.swift in Sources */ = {isa = PBXBuildFile; fileRef = BF858DAF197A6083002CEBB0 /* yogabookTests.swift */; };
		BF858DBA197A6D83002CEBB0 /* YogaSequenceViewCell.swift in Sources */ = {isa = PBXBuildFile; fileRef = BF858DB9197A6D83002CEBB0 /* YogaSequenceViewCell.swift */; };
		BF858DBC197A7533002CEBB0 /* Models.swift in Sources */ = {isa = PBXBuildFile; fileRef = BF858DBB197A7533002CEBB0 /* Models.swift */; };
		BF858DBE197A774F002CEBB0 /* Data.swift in Sources */ = {isa = PBXBuildFile; fileRef = BF858DBD197A774E002CEBB0 /* Data.swift */; };
		BF88A1B5198CABDE00A13823 /* poses.json in Resources */ = {isa = PBXBuildFile; fileRef = BF88A1B4198CABDE00A13823 /* poses.json */; };
		BF88A1B7198D0DC500A13823 /* Poses.xcassets in Resources */ = {isa = PBXBuildFile; fileRef = BF88A1B6198D0DC500A13823 /* Poses.xcassets */; };
		BF88A1BA198D105500A13823 /* PoseViewCell.swift in Sources */ = {isa = PBXBuildFile; fileRef = BF88A1B9198D105500A13823 /* PoseViewCell.swift */; };
		BF88A1BC198DD30600A13823 /* PoseSequenceViewCell.swift in Sources */ = {isa = PBXBuildFile; fileRef = BF88A1BB198DD30600A13823 /* PoseSequenceViewCell.swift */; };
/* End PBXBuildFile section */

/* Begin PBXContainerItemProxy section */
		BF858DAA197A6083002CEBB0 /* PBXContainerItemProxy */ = {
			isa = PBXContainerItemProxy;
			containerPortal = BF858D8F197A6083002CEBB0 /* Project object */;
			proxyType = 1;
			remoteGlobalIDString = BF858D96197A6083002CEBB0;
			remoteInfo = yogabook;
		};
/* End PBXContainerItemProxy section */

/* Begin PBXFileReference section */
		BF0ED231199712550065F633 /* pose_change_bell.aif */ = {isa = PBXFileReference; lastKnownFileType = file; path = pose_change_bell.aif; sourceTree = "<group>"; };
		BF0ED23319971EBC0065F633 /* finished_sequence.aif */ = {isa = PBXFileReference; lastKnownFileType = file; path = finished_sequence.aif; sourceTree = "<group>"; };
		BF0ED23519972FD10065F633 /* Utils.swift */ = {isa = PBXFileReference; fileEncoding = 4; lastKnownFileType = sourcecode.swift; path = Utils.swift; sourceTree = "<group>"; };
		BF3B6B961996252500860779 /* PlaySequenceViewController.swift */ = {isa = PBXFileReference; fileEncoding = 4; lastKnownFileType = sourcecode.swift; path = PlaySequenceViewController.swift; sourceTree = "<group>"; };
		BF3B6B9A1996644700860779 /* tickA.aif */ = {isa = PBXFileReference; lastKnownFileType = file; path = tickA.aif; sourceTree = "<group>"; };
		BF3B6B9B1996644700860779 /* tickB.aif */ = {isa = PBXFileReference; lastKnownFileType = file; path = tickB.aif; sourceTree = "<group>"; };
		BF631D03197E8E6300AB6D17 /* BuildSequenceViewController.swift */ = {isa = PBXFileReference; fileEncoding = 4; lastKnownFileType = sourcecode.swift; path = BuildSequenceViewController.swift; sourceTree = "<group>"; };
		BF858D97197A6083002CEBB0 /* yogabook.app */ = {isa = PBXFileReference; explicitFileType = wrapper.application; includeInIndex = 0; path = yogabook.app; sourceTree = BUILT_PRODUCTS_DIR; };
		BF858D9B197A6083002CEBB0 /* Info.plist */ = {isa = PBXFileReference; lastKnownFileType = text.plist.xml; path = Info.plist; sourceTree = "<group>"; };
		BF858D9C197A6083002CEBB0 /* AppDelegate.swift */ = {isa = PBXFileReference; lastKnownFileType = sourcecode.swift; path = AppDelegate.swift; sourceTree = "<group>"; };
		BF858D9E197A6083002CEBB0 /* MainViewController.swift */ = {isa = PBXFileReference; lastKnownFileType = sourcecode.swift; path = MainViewController.swift; sourceTree = "<group>"; };
		BF858DA1197A6083002CEBB0 /* Base */ = {isa = PBXFileReference; lastKnownFileType = file.storyboard; name = Base; path = Base.lproj/Main.storyboard; sourceTree = "<group>"; };
		BF858DA3197A6083002CEBB0 /* Images.xcassets */ = {isa = PBXFileReference; lastKnownFileType = folder.assetcatalog; path = Images.xcassets; sourceTree = "<group>"; };
		BF858DA9197A6083002CEBB0 /* yogabookTests.xctest */ = {isa = PBXFileReference; explicitFileType = wrapper.cfbundle; includeInIndex = 0; path = yogabookTests.xctest; sourceTree = BUILT_PRODUCTS_DIR; };
		BF858DAE197A6083002CEBB0 /* Info.plist */ = {isa = PBXFileReference; lastKnownFileType = text.plist.xml; path = Info.plist; sourceTree = "<group>"; };
		BF858DAF197A6083002CEBB0 /* yogabookTests.swift */ = {isa = PBXFileReference; lastKnownFileType = sourcecode.swift; path = yogabookTests.swift; sourceTree = "<group>"; };
		BF858DB9197A6D83002CEBB0 /* YogaSequenceViewCell.swift */ = {isa = PBXFileReference; fileEncoding = 4; lastKnownFileType = sourcecode.swift; path = YogaSequenceViewCell.swift; sourceTree = "<group>"; };
		BF858DBB197A7533002CEBB0 /* Models.swift */ = {isa = PBXFileReference; fileEncoding = 4; lastKnownFileType = sourcecode.swift; path = Models.swift; sourceTree = "<group>"; };
		BF858DBD197A774E002CEBB0 /* Data.swift */ = {isa = PBXFileReference; fileEncoding = 4; lastKnownFileType = sourcecode.swift; path = Data.swift; sourceTree = "<group>"; };
		BF88A1B4198CABDE00A13823 /* poses.json */ = {isa = PBXFileReference; fileEncoding = 4; lastKnownFileType = text.json; path = poses.json; sourceTree = "<group>"; };
		BF88A1B6198D0DC500A13823 /* Poses.xcassets */ = {isa = PBXFileReference; lastKnownFileType = folder.assetcatalog; path = Poses.xcassets; sourceTree = "<group>"; };
		BF88A1B9198D105500A13823 /* PoseViewCell.swift */ = {isa = PBXFileReference; fileEncoding = 4; lastKnownFileType = sourcecode.swift; path = PoseViewCell.swift; sourceTree = "<group>"; };
		BF88A1BB198DD30600A13823 /* PoseSequenceViewCell.swift */ = {isa = PBXFileReference; fileEncoding = 4; lastKnownFileType = sourcecode.swift; path = PoseSequenceViewCell.swift; sourceTree = "<group>"; };
/* End PBXFileReference section */

/* Begin PBXFrameworksBuildPhase section */
		BF858D94197A6083002CEBB0 /* Frameworks */ = {
			isa = PBXFrameworksBuildPhase;
			buildActionMask = 2147483647;
			files = (
			);
			runOnlyForDeploymentPostprocessing = 0;
		};
		BF858DA6197A6083002CEBB0 /* Frameworks */ = {
			isa = PBXFrameworksBuildPhase;
			buildActionMask = 2147483647;
			files = (
			);
			runOnlyForDeploymentPostprocessing = 0;
		};
/* End PBXFrameworksBuildPhase section */

/* Begin PBXGroup section */
		BF3B6B9E1996644E00860779 /* Sounds */ = {
			isa = PBXGroup;
			children = (
				BF0ED23319971EBC0065F633 /* finished_sequence.aif */,
				BF0ED231199712550065F633 /* pose_change_bell.aif */,
				BF3B6B9A1996644700860779 /* tickA.aif */,
				BF3B6B9B1996644700860779 /* tickB.aif */,
			);
			name = Sounds;
			sourceTree = "<group>";
		};
		BF858D8E197A6083002CEBB0 = {
			isa = PBXGroup;
			children = (
				BF858D99197A6083002CEBB0 /* yogabook */,
				BF858DAC197A6083002CEBB0 /* yogabookTests */,
				BF858D98197A6083002CEBB0 /* Products */,
			);
			sourceTree = "<group>";
		};
		BF858D98197A6083002CEBB0 /* Products */ = {
			isa = PBXGroup;
			children = (
				BF858D97197A6083002CEBB0 /* yogabook.app */,
				BF858DA9197A6083002CEBB0 /* yogabookTests.xctest */,
			);
			name = Products;
			sourceTree = "<group>";
		};
		BF858D99197A6083002CEBB0 /* yogabook */ = {
			isa = PBXGroup;
			children = (
				BF858D9C197A6083002CEBB0 /* AppDelegate.swift */,
				BF858D9E197A6083002CEBB0 /* MainViewController.swift */,
				BF631D03197E8E6300AB6D17 /* BuildSequenceViewController.swift */,
				BF3B6B961996252500860779 /* PlaySequenceViewController.swift */,
				BF88A1B8198D101300A13823 /* Cells */,
				BF858DA0197A6083002CEBB0 /* Main.storyboard */,
				BF88A1B6198D0DC500A13823 /* Poses.xcassets */,
				BF858DA3197A6083002CEBB0 /* Images.xcassets */,
				BF858D9A197A6083002CEBB0 /* Supporting Files */,
				BF858DBB197A7533002CEBB0 /* Models.swift */,
				BF858DBD197A774E002CEBB0 /* Data.swift */,
				BF0ED23519972FD10065F633 /* Utils.swift */,
			);
			path = yogabook;
			sourceTree = "<group>";
		};
		BF858D9A197A6083002CEBB0 /* Supporting Files */ = {
			isa = PBXGroup;
			children = (
				BF3B6B9E1996644E00860779 /* Sounds */,
				BF858D9B197A6083002CEBB0 /* Info.plist */,
				BF88A1B4198CABDE00A13823 /* poses.json */,
			);
			name = "Supporting Files";
			sourceTree = "<group>";
		};
		BF858DAC197A6083002CEBB0 /* yogabookTests */ = {
			isa = PBXGroup;
			children = (
				BF858DAF197A6083002CEBB0 /* yogabookTests.swift */,
				BF858DAD197A6083002CEBB0 /* Supporting Files */,
			);
			path = yogabookTests;
			sourceTree = "<group>";
		};
		BF858DAD197A6083002CEBB0 /* Supporting Files */ = {
			isa = PBXGroup;
			children = (
				BF858DAE197A6083002CEBB0 /* Info.plist */,
			);
			name = "Supporting Files";
			sourceTree = "<group>";
		};
		BF88A1B8198D101300A13823 /* Cells */ = {
			isa = PBXGroup;
			children = (
				BF858DB9197A6D83002CEBB0 /* YogaSequenceViewCell.swift */,
				BF88A1B9198D105500A13823 /* PoseViewCell.swift */,
				BF88A1BB198DD30600A13823 /* PoseSequenceViewCell.swift */,
			);
			name = Cells;
			sourceTree = "<group>";
		};
/* End PBXGroup section */

/* Begin PBXNativeTarget section */
		BF858D96197A6083002CEBB0 /* yogabook */ = {
			isa = PBXNativeTarget;
			buildConfigurationList = BF858DB3197A6083002CEBB0 /* Build configuration list for PBXNativeTarget "yogabook" */;
			buildPhases = (
				BF858D93197A6083002CEBB0 /* Sources */,
				BF858D94197A6083002CEBB0 /* Frameworks */,
				BF858D95197A6083002CEBB0 /* Resources */,
			);
			buildRules = (
			);
			dependencies = (
			);
			name = yogabook;
			productName = yogabook;
			productReference = BF858D97197A6083002CEBB0 /* yogabook.app */;
			productType = "com.apple.product-type.application";
		};
		BF858DA8197A6083002CEBB0 /* yogabookTests */ = {
			isa = PBXNativeTarget;
			buildConfigurationList = BF858DB6197A6083002CEBB0 /* Build configuration list for PBXNativeTarget "yogabookTests" */;
			buildPhases = (
				BF858DA5197A6083002CEBB0 /* Sources */,
				BF858DA6197A6083002CEBB0 /* Frameworks */,
				BF858DA7197A6083002CEBB0 /* Resources */,
			);
			buildRules = (
			);
			dependencies = (
				BF858DAB197A6083002CEBB0 /* PBXTargetDependency */,
			);
			name = yogabookTests;
			productName = yogabookTests;
			productReference = BF858DA9197A6083002CEBB0 /* yogabookTests.xctest */;
			productType = "com.apple.product-type.bundle.unit-test";
		};
/* End PBXNativeTarget section */

/* Begin PBXProject section */
		BF858D8F197A6083002CEBB0 /* Project object */ = {
			isa = PBXProject;
			attributes = {
				LastUpgradeCheck = 0600;
				ORGANIZATIONNAME = fluxa.io;
				TargetAttributes = {
					BF858D96197A6083002CEBB0 = {
						CreatedOnToolsVersion = 6.0;
					};
					BF858DA8197A6083002CEBB0 = {
						CreatedOnToolsVersion = 6.0;
						TestTargetID = BF858D96197A6083002CEBB0;
					};
				};
			};
			buildConfigurationList = BF858D92197A6083002CEBB0 /* Build configuration list for PBXProject "yogabook" */;
			compatibilityVersion = "Xcode 3.2";
			developmentRegion = English;
			hasScannedForEncodings = 0;
			knownRegions = (
				en,
				Base,
			);
			mainGroup = BF858D8E197A6083002CEBB0;
			productRefGroup = BF858D98197A6083002CEBB0 /* Products */;
			projectDirPath = "";
			projectRoot = "";
			targets = (
				BF858D96197A6083002CEBB0 /* yogabook */,
				BF858DA8197A6083002CEBB0 /* yogabookTests */,
			);
		};
/* End PBXProject section */

/* Begin PBXResourcesBuildPhase section */
		BF858D95197A6083002CEBB0 /* Resources */ = {
			isa = PBXResourcesBuildPhase;
			buildActionMask = 2147483647;
			files = (
				BF88A1B7198D0DC500A13823 /* Poses.xcassets in Resources */,
				BF858DA2197A6083002CEBB0 /* Main.storyboard in Resources */,
				BF88A1B5198CABDE00A13823 /* poses.json in Resources */,
				BF3B6B9D1996644700860779 /* tickB.aif in Resources */,
				BF858DA4197A6083002CEBB0 /* Images.xcassets in Resources */,
				BF0ED23419971EBC0065F633 /* finished_sequence.aif in Resources */,
				BF3B6B9C1996644700860779 /* tickA.aif in Resources */,
				BF0ED232199712550065F633 /* pose_change_bell.aif in Resources */,
			);
			runOnlyForDeploymentPostprocessing = 0;
		};
		BF858DA7197A6083002CEBB0 /* Resources */ = {
			isa = PBXResourcesBuildPhase;
			buildActionMask = 2147483647;
			files = (
			);
			runOnlyForDeploymentPostprocessing = 0;
		};
/* End PBXResourcesBuildPhase section */

/* Begin PBXSourcesBuildPhase section */
		BF858D93197A6083002CEBB0 /* Sources */ = {
			isa = PBXSourcesBuildPhase;
			buildActionMask = 2147483647;
			files = (
				BF858D9F197A6083002CEBB0 /* MainViewController.swift in Sources */,
				BF858DBE197A774F002CEBB0 /* Data.swift in Sources */,
				BF858DBA197A6D83002CEBB0 /* YogaSequenceViewCell.swift in Sources */,
				BF858D9D197A6083002CEBB0 /* AppDelegate.swift in Sources */,
				BF3B6B971996252500860779 /* PlaySequenceViewController.swift in Sources */,
				BF0ED23619972FD10065F633 /* Utils.swift in Sources */,
				BF88A1BC198DD30600A13823 /* PoseSequenceViewCell.swift in Sources */,
				BF88A1BA198D105500A13823 /* PoseViewCell.swift in Sources */,
				BF631D04197E8E6300AB6D17 /* BuildSequenceViewController.swift in Sources */,
				BF858DBC197A7533002CEBB0 /* Models.swift in Sources */,
			);
			runOnlyForDeploymentPostprocessing = 0;
		};
		BF858DA5197A6083002CEBB0 /* Sources */ = {
			isa = PBXSourcesBuildPhase;
			buildActionMask = 2147483647;
			files = (
				BF858DB0197A6083002CEBB0 /* yogabookTests.swift in Sources */,
			);
			runOnlyForDeploymentPostprocessing = 0;
		};
/* End PBXSourcesBuildPhase section */

/* Begin PBXTargetDependency section */
		BF858DAB197A6083002CEBB0 /* PBXTargetDependency */ = {
			isa = PBXTargetDependency;
			target = BF858D96197A6083002CEBB0 /* yogabook */;
			targetProxy = BF858DAA197A6083002CEBB0 /* PBXContainerItemProxy */;
		};
/* End PBXTargetDependency section */

/* Begin PBXVariantGroup section */
		BF858DA0197A6083002CEBB0 /* Main.storyboard */ = {
			isa = PBXVariantGroup;
			children = (
				BF858DA1197A6083002CEBB0 /* Base */,
			);
			name = Main.storyboard;
			sourceTree = "<group>";
		};
/* End PBXVariantGroup section */

/* Begin XCBuildConfiguration section */
		BF858DB1197A6083002CEBB0 /* Debug */ = {
			isa = XCBuildConfiguration;
			buildSettings = {
				ALWAYS_SEARCH_USER_PATHS = NO;
				CLANG_CXX_LANGUAGE_STANDARD = "gnu++0x";
				CLANG_CXX_LIBRARY = "libc++";
				CLANG_ENABLE_MODULES = YES;
				CLANG_ENABLE_OBJC_ARC = YES;
				CLANG_WARN_BOOL_CONVERSION = YES;
				CLANG_WARN_CONSTANT_CONVERSION = YES;
				CLANG_WARN_DIRECT_OBJC_ISA_USAGE = YES_ERROR;
				CLANG_WARN_EMPTY_BODY = YES;
				CLANG_WARN_ENUM_CONVERSION = YES;
				CLANG_WARN_INT_CONVERSION = YES;
				CLANG_WARN_OBJC_ROOT_CLASS = YES_ERROR;
				CLANG_WARN_UNREACHABLE_CODE = YES;
				CLANG_WARN__DUPLICATE_METHOD_MATCH = YES;
				"CODE_SIGN_IDENTITY[sdk=iphoneos*]" = "iPhone Developer";
				COPY_PHASE_STRIP = NO;
				ENABLE_STRICT_OBJC_MSGSEND = YES;
				GCC_C_LANGUAGE_STANDARD = gnu99;
				GCC_DYNAMIC_NO_PIC = NO;
				GCC_OPTIMIZATION_LEVEL = 0;
				GCC_PREPROCESSOR_DEFINITIONS = (
					"DEBUG=1",
					"$(inherited)",
				);
				GCC_SYMBOLS_PRIVATE_EXTERN = NO;
				GCC_WARN_64_TO_32_BIT_CONVERSION = YES;
				GCC_WARN_ABOUT_RETURN_TYPE = YES_ERROR;
				GCC_WARN_UNDECLARED_SELECTOR = YES;
				GCC_WARN_UNINITIALIZED_AUTOS = YES_AGGRESSIVE;
				GCC_WARN_UNUSED_FUNCTION = YES;
				GCC_WARN_UNUSED_VARIABLE = YES;
				IPHONEOS_DEPLOYMENT_TARGET = 8.0;
				MTL_ENABLE_DEBUG_INFO = YES;
				ONLY_ACTIVE_ARCH = YES;
				SDKROOT = iphoneos;
				SWIFT_OPTIMIZATION_LEVEL = "-Onone";
				TARGETED_DEVICE_FAMILY = "1,2";
			};
			name = Debug;
		};
		BF858DB2197A6083002CEBB0 /* Release */ = {
			isa = XCBuildConfiguration;
			buildSettings = {
				ALWAYS_SEARCH_USER_PATHS = NO;
				CLANG_CXX_LANGUAGE_STANDARD = "gnu++0x";
				CLANG_CXX_LIBRARY = "libc++";
				CLANG_ENABLE_MODULES = YES;
				CLANG_ENABLE_OBJC_ARC = YES;
				CLANG_WARN_BOOL_CONVERSION = YES;
				CLANG_WARN_CONSTANT_CONVERSION = YES;
				CLANG_WARN_DIRECT_OBJC_ISA_USAGE = YES_ERROR;
				CLANG_WARN_EMPTY_BODY = YES;
				CLANG_WARN_ENUM_CONVERSION = YES;
				CLANG_WARN_INT_CONVERSION = YES;
				CLANG_WARN_OBJC_ROOT_CLASS = YES_ERROR;
				CLANG_WARN_UNREACHABLE_CODE = YES;
				CLANG_WARN__DUPLICATE_METHOD_MATCH = YES;
				"CODE_SIGN_IDENTITY[sdk=iphoneos*]" = "iPhone Developer";
				COPY_PHASE_STRIP = YES;
				ENABLE_NS_ASSERTIONS = NO;
				ENABLE_STRICT_OBJC_MSGSEND = YES;
				GCC_C_LANGUAGE_STANDARD = gnu99;
				GCC_WARN_64_TO_32_BIT_CONVERSION = YES;
				GCC_WARN_ABOUT_RETURN_TYPE = YES_ERROR;
				GCC_WARN_UNDECLARED_SELECTOR = YES;
				GCC_WARN_UNINITIALIZED_AUTOS = YES_AGGRESSIVE;
				GCC_WARN_UNUSED_FUNCTION = YES;
				GCC_WARN_UNUSED_VARIABLE = YES;
				IPHONEOS_DEPLOYMENT_TARGET = 8.0;
				MTL_ENABLE_DEBUG_INFO = NO;
				SDKROOT = iphoneos;
				TARGETED_DEVICE_FAMILY = "1,2";
				VALIDATE_PRODUCT = YES;
			};
			name = Release;
		};
		BF858DB4197A6083002CEBB0 /* Debug */ = {
			isa = XCBuildConfiguration;
			buildSettings = {
				ASSETCATALOG_COMPILER_APPICON_NAME = AppIcon;
				ASSETCATALOG_COMPILER_LAUNCHIMAGE_NAME = LaunchImage;
				INFOPLIST_FILE = yogabook/Info.plist;
				LD_RUNPATH_SEARCH_PATHS = "$(inherited) @executable_path/Frameworks";
				PRODUCT_NAME = "$(TARGET_NAME)";
				TARGETED_DEVICE_FAMILY = 2;
			};
			name = Debug;
		};
		BF858DB5197A6083002CEBB0 /* Release */ = {
			isa = XCBuildConfiguration;
			buildSettings = {
				ASSETCATALOG_COMPILER_APPICON_NAME = AppIcon;
				ASSETCATALOG_COMPILER_LAUNCHIMAGE_NAME = LaunchImage;
				INFOPLIST_FILE = yogabook/Info.plist;
				LD_RUNPATH_SEARCH_PATHS = "$(inherited) @executable_path/Frameworks";
				PRODUCT_NAME = "$(TARGET_NAME)";
				TARGETED_DEVICE_FAMILY = 2;
			};
			name = Release;
		};
		BF858DB7197A6083002CEBB0 /* Debug */ = {
			isa = XCBuildConfiguration;
			buildSettings = {
				BUNDLE_LOADER = "$(BUILT_PRODUCTS_DIR)/yogabook.app/yogabook";
				FRAMEWORK_SEARCH_PATHS = (
					"$(SDKROOT)/Developer/Library/Frameworks",
					"$(inherited)",
				);
				GCC_PREPROCESSOR_DEFINITIONS = (
					"DEBUG=1",
					"$(inherited)",
				);
				INFOPLIST_FILE = yogabookTests/Info.plist;
				LD_RUNPATH_SEARCH_PATHS = "$(inherited) @executable_path/Frameworks @loader_path/Frameworks";
				PRODUCT_NAME = "$(TARGET_NAME)";
				TEST_HOST = "$(BUNDLE_LOADER)";
			};
			name = Debug;
		};
		BF858DB8197A6083002CEBB0 /* Release */ = {
			isa = XCBuildConfiguration;
			buildSettings = {
				BUNDLE_LOADER = "$(BUILT_PRODUCTS_DIR)/yogabook.app/yogabook";
				FRAMEWORK_SEARCH_PATHS = (
					"$(SDKROOT)/Developer/Library/Frameworks",
					"$(inherited)",
				);
				INFOPLIST_FILE = yogabookTests/Info.plist;
				LD_RUNPATH_SEARCH_PATHS = "$(inherited) @executable_path/Frameworks @loader_path/Frameworks";
				PRODUCT_NAME = "$(TARGET_NAME)";
				TEST_HOST = "$(BUNDLE_LOADER)";
			};
			name = Release;
		};
/* End XCBuildConfiguration section */

/* Begin XCConfigurationList section */
		BF858D92197A6083002CEBB0 /* Build configuration list for PBXProject "yogabook" */ = {
			isa = XCConfigurationList;
			buildConfigurations = (
				BF858DB1197A6083002CEBB0 /* Debug */,
				BF858DB2197A6083002CEBB0 /* Release */,
			);
			defaultConfigurationIsVisible = 0;
			defaultConfigurationName = Release;
		};
		BF858DB3197A6083002CEBB0 /* Build configuration list for PBXNativeTarget "yogabook" */ = {
			isa = XCConfigurationList;
			buildConfigurations = (
				BF858DB4197A6083002CEBB0 /* Debug */,
				BF858DB5197A6083002CEBB0 /* Release */,
			);
			defaultConfigurationIsVisible = 0;
			defaultConfigurationName = Release;
		};
		BF858DB6197A6083002CEBB0 /* Build configuration list for PBXNativeTarget "yogabookTests" */ = {
			isa = XCConfigurationList;
			buildConfigurations = (
				BF858DB7197A6083002CEBB0 /* Debug */,
				BF858DB8197A6083002CEBB0 /* Release */,
			);
			defaultConfigurationIsVisible = 0;
			defaultConfigurationName = Release;
		};
/* End XCConfigurationList section */
	};
	rootObject = BF858D8F197A6083002CEBB0 /* Project object */;
}
